
Microsoft Visual Studio Solution File, Format Version 12.00
# Visual Studio Version 17
VisualStudioVersion = 17.10.35013.160
MinimumVisualStudioVersion = 10.0.40219.1
Project("{9A19103F-16F7-4668-BE54-9A1E7A4F7556}") = "UserService", "..\UserService\UserService\UserService.csproj", "{2F382495-B509-4FDA-93D9-268A9E352E52}"
EndProject
Project("{9A19103F-16F7-4668-BE54-9A1E7A4F7556}") = "LoanService", "..\UserService\LoanService\LoanService.csproj", "{C11FF712-9787-47C4-B723-6DBEE1330987}"
EndProject
Project("{9A19103F-16F7-4668-BE54-9A1E7A4F7556}") = "LoanApprovalService", "..\UserService\LoanApprovalService\LoanApprovalService.csproj", "{C7E9EA63-D6F4-4E8D-971C-A18BE7E4E753}"
EndProject
Project("{9A19103F-16F7-4668-BE54-9A1E7A4F7556}") = "DisbursementService", "..\UserService\DisbursementService\DisbursementService.csproj", "{1D7147CF-2302-4E10-A3FD-0194424E58A8}"
EndProject
Global
	GlobalSection(SolutionConfigurationPlatforms) = preSolution
		Debug|Any CPU = Debug|Any CPU
		Release|Any CPU = Release|Any CPU
	EndGlobalSection
	GlobalSection(ProjectConfigurationPlatforms) = postSolution
		{2F382495-B509-4FDA-93D9-268A9E352E52}.Debug|Any CPU.ActiveCfg = Debug|Any CPU
		{2F382495-B509-4FDA-93D9-268A9E352E52}.Debug|Any CPU.Build.0 = Debug|Any CPU
		{2F382495-B509-4FDA-93D9-268A9E352E52}.Release|Any CPU.ActiveCfg = Release|Any CPU
		{2F382495-B509-4FDA-93D9-268A9E352E52}.Release|Any CPU.Build.0 = Release|Any CPU
		{C11FF712-9787-47C4-B723-6DBEE1330987}.Debug|Any CPU.ActiveCfg = Debug|Any CPU
		{C11FF712-9787-47C4-B723-6DBEE1330987}.Debug|Any CPU.Build.0 = Debug|Any CPU
		{C11FF712-9787-47C4-B723-6DBEE1330987}.Release|Any CPU.ActiveCfg = Release|Any CPU
		{C11FF712-9787-47C4-B723-6DBEE1330987}.Release|Any CPU.Build.0 = Release|Any CPU
		{C7E9EA63-D6F4-4E8D-971C-A18BE7E4E753}.Debug|Any CPU.ActiveCfg = Debug|Any CPU
		{C7E9EA63-D6F4-4E8D-971C-A18BE7E4E753}.Debug|Any CPU.Build.0 = Debug|Any CPU
		{C7E9EA63-D6F4-4E8D-971C-A18BE7E4E753}.Release|Any CPU.ActiveCfg = Release|Any CPU
		{C7E9EA63-D6F4-4E8D-971C-A18BE7E4E753}.Release|Any CPU.Build.0 = Release|Any CPU
		{1D7147CF-2302-4E10-A3FD-0194424E58A8}.Debug|Any CPU.ActiveCfg = Debug|Any CPU
		{1D7147CF-2302-4E10-A3FD-0194424E58A8}.Debug|Any CPU.Build.0 = Debug|Any CPU
		{1D7147CF-2302-4E10-A3FD-0194424E58A8}.Release|Any CPU.ActiveCfg = Release|Any CPU
		{1D7147CF-2302-4E10-A3FD-0194424E58A8}.Release|Any CPU.Build.0 = Release|Any CPU
	EndGlobalSection
	GlobalSection(SolutionProperties) = preSolution
		HideSolutionNode = FALSE
	EndGlobalSection
	GlobalSection(ExtensibilityGlobals) = postSolution
		SolutionGuid = {4A83AAC5-93B1-44A5-A0D2-CD36B9A753E0}
	EndGlobalSection
EndGlobal
